// !$*UTF8*$!
{
	archiveVersion = 1;
	classes = {
	};
	objectVersion = 46;
	objects = {

/* Begin PBXAggregateTarget section */
		594424AAD26841A7AA0EE23C /* ALL_BUILD */ = {
			isa = PBXAggregateTarget;
			buildConfigurationList = 002E1B3D68B24C2F96175131 /* Build configuration list for PBXAggregateTarget "ALL_BUILD" */;
			buildPhases = (
				45555FD3A7F04393AB202E6E /* CMake Rules */,
			);
			dependencies = (
				9D64FACE19A14D56928DF3E8 /* PBXTargetDependency */,
				9F5C6F5119364A73B5D3B13F /* PBXTargetDependency */,
			);
			name = ALL_BUILD;
			productName = ALL_BUILD;
		};
		ED11036548FE426A8B41F452 /* ZERO_CHECK */ = {
			isa = PBXAggregateTarget;
			buildConfigurationList = B85D889CC73447AA9A90D517 /* Build configuration list for PBXAggregateTarget "ZERO_CHECK" */;
			buildPhases = (
				859CC54B5FB149E7866644E6 /* CMake Rules */,
			);
			dependencies = (
			);
			name = ZERO_CHECK;
			productName = ZERO_CHECK;
		};
/* End PBXAggregateTarget section */

/* Begin PBXBuildFile section */
		A54F7B5AEBA944B795F06A78 /* /Users/amanagarwal/Documents/PROGRAMMING/CarND/Term-2/CarND-Unscented-Kalman-Filter-Project/src/ukf.cpp */ = {isa = PBXBuildFile; fileRef = BB0B2D486E03424CBD3732E6 /* /Users/amanagarwal/Documents/PROGRAMMING/CarND/Term-2/CarND-Unscented-Kalman-Filter-Project/src/ukf.cpp */; };
		E4C9828AA85F47CD8258246D /* /Users/amanagarwal/Documents/PROGRAMMING/CarND/Term-2/CarND-Unscented-Kalman-Filter-Project/src/main.cpp */ = {isa = PBXBuildFile; fileRef = 72292F5F2BC54F5D9508A519 /* /Users/amanagarwal/Documents/PROGRAMMING/CarND/Term-2/CarND-Unscented-Kalman-Filter-Project/src/main.cpp */; };
		E66AA85AE34C496CBCDA7597 /* /Users/amanagarwal/Documents/PROGRAMMING/CarND/Term-2/CarND-Unscented-Kalman-Filter-Project/src/tools.cpp */ = {isa = PBXBuildFile; fileRef = DC2E6DD706F545F9BA13917D /* /Users/amanagarwal/Documents/PROGRAMMING/CarND/Term-2/CarND-Unscented-Kalman-Filter-Project/src/tools.cpp */; };
		F9F7492CF05C4AD4BDE6C146 /* /Users/amanagarwal/Documents/PROGRAMMING/CarND/Term-2/CarND-Unscented-Kalman-Filter-Project/CMakeLists.txt */ = {isa = PBXBuildFile; fileRef = DA450D092A2A4134B0ADF0FB /* /Users/amanagarwal/Documents/PROGRAMMING/CarND/Term-2/CarND-Unscented-Kalman-Filter-Project/CMakeLists.txt */; };
/* End PBXBuildFile section */

/* Begin PBXBuildStyle section */
		07640245D7A746129992D453 /* Release */ = {
			isa = PBXBuildStyle;
			buildSettings = {
				COPY_PHASE_STRIP = NO;
			};
			name = Release;
		};
		15567FB6EA364F2697DD87C7 /* MinSizeRel */ = {
			isa = PBXBuildStyle;
			buildSettings = {
				COPY_PHASE_STRIP = NO;
			};
			name = MinSizeRel;
		};
		613BC254F7BF4A6090504EF7 /* Debug */ = {
			isa = PBXBuildStyle;
			buildSettings = {
				COPY_PHASE_STRIP = NO;
			};
			name = Debug;
		};
		A56310507E8C4C87B2704969 /* RelWithDebInfo */ = {
			isa = PBXBuildStyle;
			buildSettings = {
				COPY_PHASE_STRIP = NO;
			};
			name = RelWithDebInfo;
		};
		D6976AC2C4414B20B7D8AD57 = {
			isa = PBXBuildStyle;
		};
/* End PBXBuildStyle section */

/* Begin PBXContainerItemProxy section */
		291C9245015E4457A2B6C921 /* PBXContainerItemProxy */ = {
			isa = PBXContainerItemProxy;
			containerPortal = 4D68273882D14A8F8CCC54E0 /* Project object */;
			proxyType = 1;
			remoteGlobalIDString = 5E8ABD8071A4438FA8FC0B32;
			remoteInfo = UnscentedKF;
		};
		B751B34ED91F4049A01D0FAA /* PBXContainerItemProxy */ = {
			isa = PBXContainerItemProxy;
			containerPortal = 4D68273882D14A8F8CCC54E0 /* Project object */;
			proxyType = 1;
			remoteGlobalIDString = ED11036548FE426A8B41F452;
			remoteInfo = ZERO_CHECK;
		};
		EFB6618982094D7FA11AD2CC /* PBXContainerItemProxy */ = {
			isa = PBXContainerItemProxy;
			containerPortal = 4D68273882D14A8F8CCC54E0 /* Project object */;
			proxyType = 1;
			remoteGlobalIDString = ED11036548FE426A8B41F452;
			remoteInfo = ZERO_CHECK;
		};
/* End PBXContainerItemProxy section */

/* Begin PBXFileReference section */
		0BAE3DE0E7D0415588494D98 /* UnscentedKF */ = {isa = PBXFileReference; explicitFileType = "compiled.mach-o.executable"; path = UnscentedKF; sourceTree = BUILT_PRODUCTS_DIR; };
		696F693DBDEF486CA9037A64 /* /Users/amanagarwal/Documents/PROGRAMMING/CarND/Term-2/CarND-Unscented-Kalman-Filter-Project/CMakeLists.txt */ = {isa = PBXFileReference; explicitFileType = sourcecode.text; fileEncoding = 4; name = CMakeLists.txt; path = CMakeLists.txt; sourceTree = SOURCE_ROOT; };
		72292F5F2BC54F5D9508A519 /* /Users/amanagarwal/Documents/PROGRAMMING/CarND/Term-2/CarND-Unscented-Kalman-Filter-Project/src/main.cpp */ = {isa = PBXFileReference; explicitFileType = sourcecode.cpp.cpp; fileEncoding = 4; name = main.cpp; path = src/main.cpp; sourceTree = SOURCE_ROOT; };
		B7596C670B8F44CDBD9914F9 /* /Users/amanagarwal/Documents/PROGRAMMING/CarND/Term-2/CarND-Unscented-Kalman-Filter-Project/CMakeLists.txt */ = {isa = PBXFileReference; explicitFileType = sourcecode.text; fileEncoding = 4; name = CMakeLists.txt; path = CMakeLists.txt; sourceTree = SOURCE_ROOT; };
		BB0B2D486E03424CBD3732E6 /* /Users/amanagarwal/Documents/PROGRAMMING/CarND/Term-2/CarND-Unscented-Kalman-Filter-Project/src/ukf.cpp */ = {isa = PBXFileReference; explicitFileType = sourcecode.cpp.cpp; fileEncoding = 4; name = ukf.cpp; path = src/ukf.cpp; sourceTree = SOURCE_ROOT; };
		DA450D092A2A4134B0ADF0FB /* /Users/amanagarwal/Documents/PROGRAMMING/CarND/Term-2/CarND-Unscented-Kalman-Filter-Project/CMakeLists.txt */ = {isa = PBXFileReference; explicitFileType = sourcecode.text; fileEncoding = 4; name = CMakeLists.txt; path = CMakeLists.txt; sourceTree = SOURCE_ROOT; };
		DC2E6DD706F545F9BA13917D /* /Users/amanagarwal/Documents/PROGRAMMING/CarND/Term-2/CarND-Unscented-Kalman-Filter-Project/src/tools.cpp */ = {isa = PBXFileReference; explicitFileType = sourcecode.cpp.cpp; fileEncoding = 4; name = tools.cpp; path = src/tools.cpp; sourceTree = SOURCE_ROOT; };
/* End PBXFileReference section */

/* Begin PBXGroup section */
		061DC75A9442416596DCDDA5 /* Resources */ = {
			isa = PBXGroup;
			children = (
			);
			name = Resources;
			sourceTree = "<group>";
		};
		06FC200183F847C79D633BBA /* Sources */ = {
			isa = PBXGroup;
			children = (
				E4BEE17ADE684FABACE5B4B2 /* UnscentedKF */,
				461E63587D2541D69009415E /* ALL_BUILD */,
				F2B7CEE8F16B40D391381CC3 /* ZERO_CHECK */,
			);
			name = Sources;
			sourceTree = "<group>";
		};
		10749536725749A9A3CD2247 /* CMake Rules */ = {
			isa = PBXGroup;
			children = (
			);
			name = "CMake Rules";
			sourceTree = "<group>";
		};
		14350C73E1F54AF1BDFBD347 = {
			isa = PBXGroup;
			children = (
				06FC200183F847C79D633BBA /* Sources */,
				061DC75A9442416596DCDDA5 /* Resources */,
				C55CE2B1EB144A589B705862 /* Products */,
			);
			sourceTree = "<group>";
		};
		461E63587D2541D69009415E /* ALL_BUILD */ = {
			isa = PBXGroup;
			children = (
				8540040C43714393A9219672 /* CMake Rules */,
				696F693DBDEF486CA9037A64 /* /Users/amanagarwal/Documents/PROGRAMMING/CarND/Term-2/CarND-Unscented-Kalman-Filter-Project/CMakeLists.txt */,
			);
			name = ALL_BUILD;
			sourceTree = "<group>";
		};
		8540040C43714393A9219672 /* CMake Rules */ = {
			isa = PBXGroup;
			children = (
			);
			name = "CMake Rules";
			sourceTree = "<group>";
		};
		ABB16097CEDD42A1BE7FF529 /* Source Files */ = {
			isa = PBXGroup;
			children = (
				72292F5F2BC54F5D9508A519 /* /Users/amanagarwal/Documents/PROGRAMMING/CarND/Term-2/CarND-Unscented-Kalman-Filter-Project/src/main.cpp */,
				DC2E6DD706F545F9BA13917D /* /Users/amanagarwal/Documents/PROGRAMMING/CarND/Term-2/CarND-Unscented-Kalman-Filter-Project/src/tools.cpp */,
				BB0B2D486E03424CBD3732E6 /* /Users/amanagarwal/Documents/PROGRAMMING/CarND/Term-2/CarND-Unscented-Kalman-Filter-Project/src/ukf.cpp */,
			);
			name = "Source Files";
			sourceTree = "<group>";
		};
		C55CE2B1EB144A589B705862 /* Products */ = {
			isa = PBXGroup;
			children = (
				0BAE3DE0E7D0415588494D98 /* UnscentedKF */,
			);
			name = Products;
			sourceTree = "<group>";
		};
		E4BEE17ADE684FABACE5B4B2 /* UnscentedKF */ = {
			isa = PBXGroup;
			children = (
				ABB16097CEDD42A1BE7FF529 /* Source Files */,
				DA450D092A2A4134B0ADF0FB /* /Users/amanagarwal/Documents/PROGRAMMING/CarND/Term-2/CarND-Unscented-Kalman-Filter-Project/CMakeLists.txt */,
			);
			name = UnscentedKF;
			sourceTree = "<group>";
		};
		F2B7CEE8F16B40D391381CC3 /* ZERO_CHECK */ = {
			isa = PBXGroup;
			children = (
				10749536725749A9A3CD2247 /* CMake Rules */,
				B7596C670B8F44CDBD9914F9 /* /Users/amanagarwal/Documents/PROGRAMMING/CarND/Term-2/CarND-Unscented-Kalman-Filter-Project/CMakeLists.txt */,
			);
			name = ZERO_CHECK;
			sourceTree = "<group>";
		};
/* End PBXGroup section */

/* Begin PBXNativeTarget section */
		5E8ABD8071A4438FA8FC0B32 /* UnscentedKF */ = {
			isa = PBXNativeTarget;
			buildConfigurationList = 14A3AFC7E8434B53A5102D4F /* Build configuration list for PBXNativeTarget "UnscentedKF" */;
			buildPhases = (
				94D9761D54D64D81853BD30B /* Sources */,
			);
			buildRules = (
			);
			dependencies = (
				7E9A1A6B48DE4A06B7BC9627 /* PBXTargetDependency */,
			);
			name = UnscentedKF;
			productName = UnscentedKF;
			productReference = 0BAE3DE0E7D0415588494D98 /* UnscentedKF */;
			productType = "com.apple.product-type.tool";
		};
/* End PBXNativeTarget section */

/* Begin PBXProject section */
		4D68273882D14A8F8CCC54E0 /* Project object */ = {
			isa = PBXProject;
			attributes = {
				BuildIndependentTargetsInParallel = YES;
				LastUpgradeCheck = 0830;
			};
			buildConfigurationList = 231267683177450793C6921B /* Build configuration list for PBXProject "UnscentedKF" */;
			buildSettings = {
			};
			buildStyles = (
				613BC254F7BF4A6090504EF7 /* Debug */,
				07640245D7A746129992D453 /* Release */,
				15567FB6EA364F2697DD87C7 /* MinSizeRel */,
				A56310507E8C4C87B2704969 /* RelWithDebInfo */,
			);
			compatibilityVersion = "Xcode 3.2";
			hasScannedForEncodings = 0;
			mainGroup = 14350C73E1F54AF1BDFBD347;
			projectDirPath = .;
			projectRoot = "";
			targets = (
				594424AAD26841A7AA0EE23C /* ALL_BUILD */,
				5E8ABD8071A4438FA8FC0B32 /* UnscentedKF */,
				ED11036548FE426A8B41F452 /* ZERO_CHECK */,
			);
		};
/* End PBXProject section */

/* Begin PBXShellScriptBuildPhase section */
		45555FD3A7F04393AB202E6E /* CMake Rules */ = {
			isa = PBXShellScriptBuildPhase;
			buildActionMask = 2147483647;
			files = (
			);
			name = "CMake Rules";
			runOnlyForDeploymentPostprocessing = 0;
			shellPath = /bin/sh;
			shellScript = "make -C /Users/amanagarwal/Documents/PROGRAMMING/CarND/Term-2/CarND-Unscented-Kalman-Filter-Project -f /Users/amanagarwal/Documents/PROGRAMMING/CarND/Term-2/CarND-Unscented-Kalman-Filter-Project/CMakeScripts/ALL_BUILD_cmakeRulesBuildPhase.make$CONFIGURATION all";
			showEnvVarsInLog = 0;
		};
		52B8B5863CD243AC90D4360D = {
			isa = PBXShellScriptBuildPhase;
			buildActionMask = 2147483647;
			files = (
			);
			inputPaths = (
			);
			outputPaths = (
			);
			runOnlyForDeploymentPostprocessing = 0;
			shellPath = /bin/sh;
			shellScript = "# shell script goes here
exit 0";
			showEnvVarsInLog = 0;
		};
		859CC54B5FB149E7866644E6 /* CMake Rules */ = {
			isa = PBXShellScriptBuildPhase;
			buildActionMask = 2147483647;
			files = (
			);
			name = "CMake Rules";
			runOnlyForDeploymentPostprocessing = 0;
			shellPath = /bin/sh;
			shellScript = "make -C /Users/amanagarwal/Documents/PROGRAMMING/CarND/Term-2/CarND-Unscented-Kalman-Filter-Project -f /Users/amanagarwal/Documents/PROGRAMMING/CarND/Term-2/CarND-Unscented-Kalman-Filter-Project/CMakeScripts/ZERO_CHECK_cmakeRulesBuildPhase.make$CONFIGURATION all";
			showEnvVarsInLog = 0;
		};
		E9C74B637BFD4FDD89ECF9B7 = {
			isa = PBXShellScriptBuildPhase;
			buildActionMask = 2147483647;
			files = (
			);
			inputPaths = (
			);
			outputPaths = (
			);
			runOnlyForDeploymentPostprocessing = 0;
			shellPath = /bin/sh;
			shellScript = "# shell script goes here
exit 0";
			showEnvVarsInLog = 0;
		};
/* End PBXShellScriptBuildPhase section */

/* Begin PBXSourcesBuildPhase section */
		94D9761D54D64D81853BD30B /* Sources */ = {
			isa = PBXSourcesBuildPhase;
			buildActionMask = 2147483647;
			files = (
				E4C9828AA85F47CD8258246D /* /Users/amanagarwal/Documents/PROGRAMMING/CarND/Term-2/CarND-Unscented-Kalman-Filter-Project/src/main.cpp */,
				E66AA85AE34C496CBCDA7597 /* /Users/amanagarwal/Documents/PROGRAMMING/CarND/Term-2/CarND-Unscented-Kalman-Filter-Project/src/tools.cpp */,
				A54F7B5AEBA944B795F06A78 /* /Users/amanagarwal/Documents/PROGRAMMING/CarND/Term-2/CarND-Unscented-Kalman-Filter-Project/src/ukf.cpp */,
			);
			runOnlyForDeploymentPostprocessing = 0;
		};
/* End PBXSourcesBuildPhase section */

/* Begin PBXTargetDependency section */
		7E9A1A6B48DE4A06B7BC9627 /* PBXTargetDependency */ = {
			isa = PBXTargetDependency;
			target = ED11036548FE426A8B41F452 /* ZERO_CHECK */;
			targetProxy = B751B34ED91F4049A01D0FAA /* PBXContainerItemProxy */;
		};
		9D64FACE19A14D56928DF3E8 /* PBXTargetDependency */ = {
			isa = PBXTargetDependency;
			target = ED11036548FE426A8B41F452 /* ZERO_CHECK */;
			targetProxy = EFB6618982094D7FA11AD2CC /* PBXContainerItemProxy */;
		};
		9F5C6F5119364A73B5D3B13F /* PBXTargetDependency */ = {
			isa = PBXTargetDependency;
			target = 5E8ABD8071A4438FA8FC0B32 /* UnscentedKF */;
			targetProxy = 291C9245015E4457A2B6C921 /* PBXContainerItemProxy */;
		};
/* End PBXTargetDependency section */

/* Begin XCBuildConfiguration section */
		165B2DD3ABC94AD6906D01C9 /* RelWithDebInfo */ = {
			isa = XCBuildConfiguration;
			buildSettings = {
				COMBINE_HIDPI_IMAGES = YES;
				EXECUTABLE_PREFIX = "";
				EXECUTABLE_SUFFIX = "";
				GCC_GENERATE_DEBUGGING_SYMBOLS = YES;
				GCC_INLINES_ARE_PRIVATE_EXTERN = NO;
				GCC_OPTIMIZATION_LEVEL = 2;
				GCC_PREPROCESSOR_DEFINITIONS = ("'CMAKE_INTDIR=\"$(CONFIGURATION)$(EFFECTIVE_PLATFORM_NAME)\"'");
				GCC_SYMBOLS_PRIVATE_EXTERN = NO;
				INSTALL_PATH = "";
				LIBRARY_SEARCH_PATHS = "";
				OTHER_CPLUSPLUSFLAGS = "       -DNDEBUG   -std=c++0x";
				OTHER_LDFLAGS = " -Wl,-search_paths_first -Wl,-headerpad_max_install_names  ";
				OTHER_REZFLAGS = "";
				PRODUCT_NAME = UnscentedKF;
				SECTORDER_FLAGS = "";
				SYMROOT = "/Users/amanagarwal/Documents/PROGRAMMING/CarND/Term-2/CarND-Unscented-Kalman-Filter-Project";
				USE_HEADERMAP = NO;
				WARNING_CFLAGS = ("-Wmost","-Wno-four-char-constants","-Wno-unknown-pragmas","$(inherited)");
			};
			name = RelWithDebInfo;
		};
		1A71FF12B6454841A9451EA6 /* RelWithDebInfo */ = {
			isa = XCBuildConfiguration;
			buildSettings = {
				ONLY_ACTIVE_ARCH = YES;
				SDKROOT = /Applications/Xcode.app/Contents/Developer/Platforms/MacOSX.platform/Developer/SDKs/MacOSX10.12.sdk;
				SYMROOT = "/Users/amanagarwal/Documents/PROGRAMMING/CarND/Term-2/CarND-Unscented-Kalman-Filter-Project/build";
			};
			name = RelWithDebInfo;
		};
		27DA1DD346E944C1B3EB4546 /* MinSizeRel */ = {
			isa = XCBuildConfiguration;
			buildSettings = {
				COMBINE_HIDPI_IMAGES = YES;
				EXECUTABLE_PREFIX = "";
				EXECUTABLE_SUFFIX = "";
				GCC_GENERATE_DEBUGGING_SYMBOLS = NO;
				GCC_INLINES_ARE_PRIVATE_EXTERN = NO;
				GCC_OPTIMIZATION_LEVEL = s;
				GCC_PREPROCESSOR_DEFINITIONS = ("'CMAKE_INTDIR=\"$(CONFIGURATION)$(EFFECTIVE_PLATFORM_NAME)\"'");
				GCC_SYMBOLS_PRIVATE_EXTERN = NO;
				INSTALL_PATH = "";
				LIBRARY_SEARCH_PATHS = "";
				OTHER_CPLUSPLUSFLAGS = "    -DNDEBUG   -std=c++0x";
				OTHER_LDFLAGS = " -Wl,-search_paths_first -Wl,-headerpad_max_install_names  ";
				OTHER_REZFLAGS = "";
				PRODUCT_NAME = UnscentedKF;
				SECTORDER_FLAGS = "";
				SYMROOT = "/Users/amanagarwal/Documents/PROGRAMMING/CarND/Term-2/CarND-Unscented-Kalman-Filter-Project";
				USE_HEADERMAP = NO;
				WARNING_CFLAGS = ("-Wmost","-Wno-four-char-constants","-Wno-unknown-pragmas","$(inherited)");
			};
			name = MinSizeRel;
		};
		328CCFFCED6B4F64A747A0D2 /* Release */ = {
			isa = XCBuildConfiguration;
			buildSettings = {
				ONLY_ACTIVE_ARCH = YES;
				SDKROOT = /Applications/Xcode.app/Contents/Developer/Platforms/MacOSX.platform/Developer/SDKs/MacOSX10.12.sdk;
				SYMROOT = "/Users/amanagarwal/Documents/PROGRAMMING/CarND/Term-2/CarND-Unscented-Kalman-Filter-Project/build";
			};
			name = Release;
		};
		4AED0731B5D34AEC9E6970E9 /* Release */ = {
			isa = XCBuildConfiguration;
			buildSettings = {
				COMBINE_HIDPI_IMAGES = YES;
				GCC_GENERATE_DEBUGGING_SYMBOLS = YES;
				GCC_INLINES_ARE_PRIVATE_EXTERN = NO;
				GCC_OPTIMIZATION_LEVEL = 0;
				GCC_PREPROCESSOR_DEFINITIONS = ("'CMAKE_INTDIR=\"$(CONFIGURATION)$(EFFECTIVE_PLATFORM_NAME)\"'");
				GCC_SYMBOLS_PRIVATE_EXTERN = NO;
				INSTALL_PATH = "";
				OTHER_LDFLAGS = " ";
				OTHER_REZFLAGS = "";
				PRODUCT_NAME = ZERO_CHECK;
				SECTORDER_FLAGS = "";
				SYMROOT = "/Users/amanagarwal/Documents/PROGRAMMING/CarND/Term-2/CarND-Unscented-Kalman-Filter-Project";
				USE_HEADERMAP = NO;
				WARNING_CFLAGS = ("-Wmost","-Wno-four-char-constants","-Wno-unknown-pragmas","$(inherited)");
			};
			name = Release;
		};
		51D1C0971F924665B0DA35EF /* Debug */ = {
			isa = XCBuildConfiguration;
			buildSettings = {
				ONLY_ACTIVE_ARCH = YES;
				SDKROOT = /Applications/Xcode.app/Contents/Developer/Platforms/MacOSX.platform/Developer/SDKs/MacOSX10.12.sdk;
				SYMROOT = "/Users/amanagarwal/Documents/PROGRAMMING/CarND/Term-2/CarND-Unscented-Kalman-Filter-Project/build";
			};
			name = Debug;
		};
		7B160EC889864077838BB888 /* MinSizeRel */ = {
			isa = XCBuildConfiguration;
			buildSettings = {
				ONLY_ACTIVE_ARCH = YES;
				SDKROOT = /Applications/Xcode.app/Contents/Developer/Platforms/MacOSX.platform/Developer/SDKs/MacOSX10.12.sdk;
				SYMROOT = "/Users/amanagarwal/Documents/PROGRAMMING/CarND/Term-2/CarND-Unscented-Kalman-Filter-Project/build";
			};
			name = MinSizeRel;
		};
		7B7D9205FCDF4CF681AADEF3 /* Debug */ = {
			isa = XCBuildConfiguration;
			buildSettings = {
				COMBINE_HIDPI_IMAGES = YES;
				EXECUTABLE_PREFIX = "";
				EXECUTABLE_SUFFIX = "";
				GCC_GENERATE_DEBUGGING_SYMBOLS = YES;
				GCC_INLINES_ARE_PRIVATE_EXTERN = NO;
				GCC_OPTIMIZATION_LEVEL = 0;
				GCC_PREPROCESSOR_DEFINITIONS = ("'CMAKE_INTDIR=\"$(CONFIGURATION)$(EFFECTIVE_PLATFORM_NAME)\"'");
				GCC_SYMBOLS_PRIVATE_EXTERN = NO;
				INSTALL_PATH = "";
				LIBRARY_SEARCH_PATHS = "";
				OTHER_CPLUSPLUSFLAGS = "     -std=c++0x";
				OTHER_LDFLAGS = " -Wl,-search_paths_first -Wl,-headerpad_max_install_names  ";
				OTHER_REZFLAGS = "";
				PRODUCT_NAME = UnscentedKF;
				SECTORDER_FLAGS = "";
				SYMROOT = "/Users/amanagarwal/Documents/PROGRAMMING/CarND/Term-2/CarND-Unscented-Kalman-Filter-Project";
				USE_HEADERMAP = NO;
				WARNING_CFLAGS = ("-Wmost","-Wno-four-char-constants","-Wno-unknown-pragmas","$(inherited)");
			};
			name = Debug;
		};
		7F2DF152F38F4A698CDA9297 /* Release */ = {
			isa = XCBuildConfiguration;
			buildSettings = {
				COMBINE_HIDPI_IMAGES = YES;
				GCC_GENERATE_DEBUGGING_SYMBOLS = YES;
				GCC_INLINES_ARE_PRIVATE_EXTERN = NO;
				GCC_OPTIMIZATION_LEVEL = 0;
				GCC_PREPROCESSOR_DEFINITIONS = ("'CMAKE_INTDIR=\"$(CONFIGURATION)$(EFFECTIVE_PLATFORM_NAME)\"'");
				GCC_SYMBOLS_PRIVATE_EXTERN = NO;
				INSTALL_PATH = "";
				OTHER_LDFLAGS = " ";
				OTHER_REZFLAGS = "";
				PRODUCT_NAME = ALL_BUILD;
				SECTORDER_FLAGS = "";
				SYMROOT = "/Users/amanagarwal/Documents/PROGRAMMING/CarND/Term-2/CarND-Unscented-Kalman-Filter-Project";
				USE_HEADERMAP = NO;
				WARNING_CFLAGS = ("-Wmost","-Wno-four-char-constants","-Wno-unknown-pragmas","$(inherited)");
			};
			name = Release;
		};
		81F58E825169456E8D752124 /* MinSizeRel */ = {
			isa = XCBuildConfiguration;
			buildSettings = {
				COMBINE_HIDPI_IMAGES = YES;
				GCC_GENERATE_DEBUGGING_SYMBOLS = YES;
				GCC_INLINES_ARE_PRIVATE_EXTERN = NO;
				GCC_OPTIMIZATION_LEVEL = 0;
				GCC_PREPROCESSOR_DEFINITIONS = ("'CMAKE_INTDIR=\"$(CONFIGURATION)$(EFFECTIVE_PLATFORM_NAME)\"'");
				GCC_SYMBOLS_PRIVATE_EXTERN = NO;
				INSTALL_PATH = "";
				OTHER_LDFLAGS = " ";
				OTHER_REZFLAGS = "";
				PRODUCT_NAME = ZERO_CHECK;
				SECTORDER_FLAGS = "";
				SYMROOT = "/Users/amanagarwal/Documents/PROGRAMMING/CarND/Term-2/CarND-Unscented-Kalman-Filter-Project";
				USE_HEADERMAP = NO;
				WARNING_CFLAGS = ("-Wmost","-Wno-four-char-constants","-Wno-unknown-pragmas","$(inherited)");
			};
			name = MinSizeRel;
		};
		82FB4648002B4ADF819DED1D /* Debug */ = {
			isa = XCBuildConfiguration;
			buildSettings = {
				COMBINE_HIDPI_IMAGES = YES;
				GCC_GENERATE_DEBUGGING_SYMBOLS = YES;
				GCC_INLINES_ARE_PRIVATE_EXTERN = NO;
				GCC_OPTIMIZATION_LEVEL = 0;
				GCC_PREPROCESSOR_DEFINITIONS = ("'CMAKE_INTDIR=\"$(CONFIGURATION)$(EFFECTIVE_PLATFORM_NAME)\"'");
				GCC_SYMBOLS_PRIVATE_EXTERN = NO;
				INSTALL_PATH = "";
				OTHER_LDFLAGS = " ";
				OTHER_REZFLAGS = "";
				PRODUCT_NAME = ALL_BUILD;
				SECTORDER_FLAGS = "";
				SYMROOT = "/Users/amanagarwal/Documents/PROGRAMMING/CarND/Term-2/CarND-Unscented-Kalman-Filter-Project";
				USE_HEADERMAP = NO;
				WARNING_CFLAGS = ("-Wmost","-Wno-four-char-constants","-Wno-unknown-pragmas","$(inherited)");
			};
			name = Debug;
		};
		86CB56D560CD4108954B06D2 /* RelWithDebInfo */ = {
			isa = XCBuildConfiguration;
			buildSettings = {
				COMBINE_HIDPI_IMAGES = YES;
				GCC_GENERATE_DEBUGGING_SYMBOLS = YES;
				GCC_INLINES_ARE_PRIVATE_EXTERN = NO;
				GCC_OPTIMIZATION_LEVEL = 0;
				GCC_PREPROCESSOR_DEFINITIONS = ("'CMAKE_INTDIR=\"$(CONFIGURATION)$(EFFECTIVE_PLATFORM_NAME)\"'");
				GCC_SYMBOLS_PRIVATE_EXTERN = NO;
				INSTALL_PATH = "";
				OTHER_LDFLAGS = " ";
				OTHER_REZFLAGS = "";
				PRODUCT_NAME = ALL_BUILD;
				SECTORDER_FLAGS = "";
				SYMROOT = "/Users/amanagarwal/Documents/PROGRAMMING/CarND/Term-2/CarND-Unscented-Kalman-Filter-Project";
				USE_HEADERMAP = NO;
				WARNING_CFLAGS = ("-Wmost","-Wno-four-char-constants","-Wno-unknown-pragmas","$(inherited)");
			};
			name = RelWithDebInfo;
		};
		9BA5ABCB010E4EF2AC34209A /* RelWithDebInfo */ = {
			isa = XCBuildConfiguration;
			buildSettings = {
				COMBINE_HIDPI_IMAGES = YES;
				GCC_GENERATE_DEBUGGING_SYMBOLS = YES;
				GCC_INLINES_ARE_PRIVATE_EXTERN = NO;
				GCC_OPTIMIZATION_LEVEL = 0;
				GCC_PREPROCESSOR_DEFINITIONS = ("'CMAKE_INTDIR=\"$(CONFIGURATION)$(EFFECTIVE_PLATFORM_NAME)\"'");
				GCC_SYMBOLS_PRIVATE_EXTERN = NO;
				INSTALL_PATH = "";
				OTHER_LDFLAGS = " ";
				OTHER_REZFLAGS = "";
				PRODUCT_NAME = ZERO_CHECK;
				SECTORDER_FLAGS = "";
				SYMROOT = "/Users/amanagarwal/Documents/PROGRAMMING/CarND/Term-2/CarND-Unscented-Kalman-Filter-Project";
				USE_HEADERMAP = NO;
				WARNING_CFLAGS = ("-Wmost","-Wno-four-char-constants","-Wno-unknown-pragmas","$(inherited)");
			};
			name = RelWithDebInfo;
		};
		AA12257AD90349F1A2E1FBEA /* Debug */ = {
			isa = XCBuildConfiguration;
			buildSettings = {
				COMBINE_HIDPI_IMAGES = YES;
				GCC_GENERATE_DEBUGGING_SYMBOLS = YES;
				GCC_INLINES_ARE_PRIVATE_EXTERN = NO;
				GCC_OPTIMIZATION_LEVEL = 0;
				GCC_PREPROCESSOR_DEFINITIONS = ("'CMAKE_INTDIR=\"$(CONFIGURATION)$(EFFECTIVE_PLATFORM_NAME)\"'");
				GCC_SYMBOLS_PRIVATE_EXTERN = NO;
				INSTALL_PATH = "";
				OTHER_LDFLAGS = " ";
				OTHER_REZFLAGS = "";
				PRODUCT_NAME = ZERO_CHECK;
				SECTORDER_FLAGS = "";
				SYMROOT = "/Users/amanagarwal/Documents/PROGRAMMING/CarND/Term-2/CarND-Unscented-Kalman-Filter-Project";
				USE_HEADERMAP = NO;
				WARNING_CFLAGS = ("-Wmost","-Wno-four-char-constants","-Wno-unknown-pragmas","$(inherited)");
			};
			name = Debug;
		};
		BCDFBE2F9C3D4818B9299143 /* Release */ = {
			isa = XCBuildConfiguration;
			buildSettings = {
				COMBINE_HIDPI_IMAGES = YES;
				EXECUTABLE_PREFIX = "";
				EXECUTABLE_SUFFIX = "";
				GCC_GENERATE_DEBUGGING_SYMBOLS = NO;
				GCC_INLINES_ARE_PRIVATE_EXTERN = NO;
				GCC_OPTIMIZATION_LEVEL = 3;
				GCC_PREPROCESSOR_DEFINITIONS = ("'CMAKE_INTDIR=\"$(CONFIGURATION)$(EFFECTIVE_PLATFORM_NAME)\"'");
				GCC_SYMBOLS_PRIVATE_EXTERN = NO;
				INSTALL_PATH = "";
				LIBRARY_SEARCH_PATHS = "";
				OTHER_CPLUSPLUSFLAGS = "    -DNDEBUG   -std=c++0x";
				OTHER_LDFLAGS = " -Wl,-search_paths_first -Wl,-headerpad_max_install_names  ";
				OTHER_REZFLAGS = "";
				PRODUCT_NAME = UnscentedKF;
				SECTORDER_FLAGS = "";
				SYMROOT = "/Users/amanagarwal/Documents/PROGRAMMING/CarND/Term-2/CarND-Unscented-Kalman-Filter-Project";
				USE_HEADERMAP = NO;
				WARNING_CFLAGS = ("-Wmost","-Wno-four-char-constants","-Wno-unknown-pragmas","$(inherited)");
			};
			name = Release;
		};
		D9B3833E7B82494587ED4039 /* MinSizeRel */ = {
			isa = XCBuildConfiguration;
			buildSettings = {
				COMBINE_HIDPI_IMAGES = YES;
				GCC_GENERATE_DEBUGGING_SYMBOLS = YES;
				GCC_INLINES_ARE_PRIVATE_EXTERN = NO;
				GCC_OPTIMIZATION_LEVEL = 0;
				GCC_PREPROCESSOR_DEFINITIONS = ("'CMAKE_INTDIR=\"$(CONFIGURATION)$(EFFECTIVE_PLATFORM_NAME)\"'");
				GCC_SYMBOLS_PRIVATE_EXTERN = NO;
				INSTALL_PATH = "";
				OTHER_LDFLAGS = " ";
				OTHER_REZFLAGS = "";
				PRODUCT_NAME = ALL_BUILD;
				SECTORDER_FLAGS = "";
				SYMROOT = "/Users/amanagarwal/Documents/PROGRAMMING/CarND/Term-2/CarND-Unscented-Kalman-Filter-Project";
				USE_HEADERMAP = NO;
				WARNING_CFLAGS = ("-Wmost","-Wno-four-char-constants","-Wno-unknown-pragmas","$(inherited)");
			};
			name = MinSizeRel;
		};
/* End XCBuildConfiguration section */

/* Begin XCConfigurationList section */
		002E1B3D68B24C2F96175131 /* Build configuration list for PBXAggregateTarget "ALL_BUILD" */ = {
			isa = XCConfigurationList;
			buildConfigurations = (
				82FB4648002B4ADF819DED1D /* Debug */,
				7F2DF152F38F4A698CDA9297 /* Release */,
				D9B3833E7B82494587ED4039 /* MinSizeRel */,
				86CB56D560CD4108954B06D2 /* RelWithDebInfo */,
			);
			defaultConfigurationIsVisible = 0;
			defaultConfigurationName = Debug;
		};
		14A3AFC7E8434B53A5102D4F /* Build configuration list for PBXNativeTarget "UnscentedKF" */ = {
			isa = XCConfigurationList;
			buildConfigurations = (
				7B7D9205FCDF4CF681AADEF3 /* Debug */,
				BCDFBE2F9C3D4818B9299143 /* Release */,
				27DA1DD346E944C1B3EB4546 /* MinSizeRel */,
				165B2DD3ABC94AD6906D01C9 /* RelWithDebInfo */,
			);
			defaultConfigurationIsVisible = 0;
			defaultConfigurationName = Debug;
		};
		231267683177450793C6921B /* Build configuration list for PBXProject "UnscentedKF" */ = {
			isa = XCConfigurationList;
			buildConfigurations = (
				51D1C0971F924665B0DA35EF /* Debug */,
				328CCFFCED6B4F64A747A0D2 /* Release */,
				7B160EC889864077838BB888 /* MinSizeRel */,
				1A71FF12B6454841A9451EA6 /* RelWithDebInfo */,
			);
			defaultConfigurationIsVisible = 0;
			defaultConfigurationName = Debug;
		};
		B85D889CC73447AA9A90D517 /* Build configuration list for PBXAggregateTarget "ZERO_CHECK" */ = {
			isa = XCConfigurationList;
			buildConfigurations = (
				AA12257AD90349F1A2E1FBEA /* Debug */,
				4AED0731B5D34AEC9E6970E9 /* Release */,
				81F58E825169456E8D752124 /* MinSizeRel */,
				9BA5ABCB010E4EF2AC34209A /* RelWithDebInfo */,
			);
			defaultConfigurationIsVisible = 0;
			defaultConfigurationName = Debug;
		};
/* End XCConfigurationList section */
	};
	rootObject = 4D68273882D14A8F8CCC54E0 /* Project object */;
}
